
Microsoft Visual Studio Solution File, Format Version 12.00
# Visual Studio Version 17
VisualStudioVersion = 17.4.33213.308
MinimumVisualStudioVersion = 10.0.40219.1
Project("{9A19103F-16F7-4668-BE54-9A1E7A4F7556}") = "LibraryAPI", "LibraryAPI\LibraryAPI.csproj", "{71E0E228-9682-44AC-8B0C-660ACBD54191}"
EndProject
Project("{9A19103F-16F7-4668-BE54-9A1E7A4F7556}") = "LibraryApi.Models", "DAL\LibraryApi.Models.csproj", "{103732B4-9FBE-4893-AE81-4A498D3EEAD4}"
EndProject
Project("{9A19103F-16F7-4668-BE54-9A1E7A4F7556}") = "LibraryApi.Services", "BLL\LibraryApi.Services.csproj", "{28CCCB00-F9BA-42F6-A81D-029BF0CD92F0}"
EndProject
Global
	GlobalSection(SolutionConfigurationPlatforms) = preSolution
		Debug|Any CPU = Debug|Any CPU
		Release|Any CPU = Release|Any CPU
	EndGlobalSection
	GlobalSection(ProjectConfigurationPlatforms) = postSolution
		{71E0E228-9682-44AC-8B0C-660ACBD54191}.Debug|Any CPU.ActiveCfg = Debug|Any CPU
		{71E0E228-9682-44AC-8B0C-660ACBD54191}.Debug|Any CPU.Build.0 = Debug|Any CPU
		{71E0E228-9682-44AC-8B0C-660ACBD54191}.Release|Any CPU.ActiveCfg = Release|Any CPU
		{71E0E228-9682-44AC-8B0C-660ACBD54191}.Release|Any CPU.Build.0 = Release|Any CPU
		{103732B4-9FBE-4893-AE81-4A498D3EEAD4}.Debug|Any CPU.ActiveCfg = Debug|Any CPU
		{103732B4-9FBE-4893-AE81-4A498D3EEAD4}.Debug|Any CPU.Build.0 = Debug|Any CPU
		{103732B4-9FBE-4893-AE81-4A498D3EEAD4}.Release|Any CPU.ActiveCfg = Release|Any CPU
		{103732B4-9FBE-4893-AE81-4A498D3EEAD4}.Release|Any CPU.Build.0 = Release|Any CPU
		{28CCCB00-F9BA-42F6-A81D-029BF0CD92F0}.Debug|Any CPU.ActiveCfg = Debug|Any CPU
		{28CCCB00-F9BA-42F6-A81D-029BF0CD92F0}.Debug|Any CPU.Build.0 = Debug|Any CPU
		{28CCCB00-F9BA-42F6-A81D-029BF0CD92F0}.Release|Any CPU.ActiveCfg = Release|Any CPU
		{28CCCB00-F9BA-42F6-A81D-029BF0CD92F0}.Release|Any CPU.Build.0 = Release|Any CPU
	EndGlobalSection
	GlobalSection(SolutionProperties) = preSolution
		HideSolutionNode = FALSE
	EndGlobalSection
	GlobalSection(ExtensibilityGlobals) = postSolution
		SolutionGuid = {D5B2BAAE-A66E-4085-8BD4-76C94DEE7E8E}
	EndGlobalSection
EndGlobal
